
Microsoft Visual Studio Solution File, Format Version 12.00
# Visual Studio Version 16
VisualStudioVersion = 16.0.32802.440
MinimumVisualStudioVersion = 10.0.40219.1
Project("{FAE04EC0-301F-11D3-BF4B-00C04F79EFBC}") = "MyApplication", "MyApplication\MyApplication.csproj", "{2BB945F4-D3BD-4AC7-A01E-41E7DA0C931D}"
EndProject
Global
	GlobalSection(SolutionConfigurationPlatforms) = preSolution
		Debug|Any CPU = Debug|Any CPU
		Release|Any CPU = Release|Any CPU
	EndGlobalSection
	GlobalSection(ProjectConfigurationPlatforms) = postSolution
		{2BB945F4-D3BD-4AC7-A01E-41E7DA0C931D}.Debug|Any CPU.ActiveCfg = Debug|Any CPU
		{2BB945F4-D3BD-4AC7-A01E-41E7DA0C931D}.Debug|Any CPU.Build.0 = Debug|Any CPU
		{2BB945F4-D3BD-4AC7-A01E-41E7DA0C931D}.Release|Any CPU.ActiveCfg = Release|Any CPU
		{2BB945F4-D3BD-4AC7-A01E-41E7DA0C931D}.Release|Any CPU.Build.0 = Release|Any CPU
	EndGlobalSection
	GlobalSection(SolutionProperties) = preSolution
		HideSolutionNode = FALSE
	EndGlobalSection
	GlobalSection(ExtensibilityGlobals) = postSolution
		SolutionGuid = {C2559ECE-B54E-4DD0-9DAA-2B586EA70CC5}
	EndGlobalSection
EndGlobal
